Microsoft Visual Studio Solution File, Format Version 12.00
# Visual Studio Version 16
VisualStudioVersion = 16.0.29201.188
MinimumVisualStudioVersion = 16.0.29201.188
Project("{9A19103F-16F7-4668-BE54-9A1E7A4F7556}") = "NServiceBus.Wire", "NServiceBus.Wire\NServiceBus.Wire.csproj", "{29ED7A0C-9A61-4416-A020-AAB1E1C5C743}"
EndProject
Project("{9A19103F-16F7-4668-BE54-9A1E7A4F7556}") = "Sample", "Sample\Sample.csproj", "{D1C231FA-FFF6-4B8A-AFEE-DABD7F8324E3}"
EndProject
Project("{9A19103F-16F7-4668-BE54-9A1E7A4F7556}") = "Tests", "Tests\Tests.csproj", "{B4AD5761-3E58-42EE-AD76-AE13E6E2213B}"
EndProject
Project("{2150E333-8FDC-42A3-9474-1A3956D46DE8}") = "Solution Items", "Solution Items", "{F90B532B-EEFC-461E-8063-EC4DBE5E8085}"
	ProjectSection(SolutionItems) = preProject
		.editorconfig = .editorconfig
		appveyor.yml = appveyor.yml
		Directory.Build.props = Directory.Build.props
	EndProjectSection
EndProject
Global
	GlobalSection(SolutionConfigurationPlatforms) = preSolution
		Debug|Any CPU = Debug|Any CPU
		Release|Any CPU = Release|Any CPU
	EndGlobalSection
	GlobalSection(ProjectConfigurationPlatforms) = postSolution
		{29ED7A0C-9A61-4416-A020-AAB1E1C5C743}.Debug|Any CPU.ActiveCfg = Debug|Any CPU
		{29ED7A0C-9A61-4416-A020-AAB1E1C5C743}.Debug|Any CPU.Build.0 = Debug|Any CPU
		{29ED7A0C-9A61-4416-A020-AAB1E1C5C743}.Release|Any CPU.ActiveCfg = Release|Any CPU
		{29ED7A0C-9A61-4416-A020-AAB1E1C5C743}.Release|Any CPU.Build.0 = Release|Any CPU
		{D1C231FA-FFF6-4B8A-AFEE-DABD7F8324E3}.Debug|Any CPU.ActiveCfg = Debug|Any CPU
		{D1C231FA-FFF6-4B8A-AFEE-DABD7F8324E3}.Debug|Any CPU.Build.0 = Debug|Any CPU
		{D1C231FA-FFF6-4B8A-AFEE-DABD7F8324E3}.Release|Any CPU.ActiveCfg = Release|Any CPU
		{D1C231FA-FFF6-4B8A-AFEE-DABD7F8324E3}.Release|Any CPU.Build.0 = Release|Any CPU
		{B4AD5761-3E58-42EE-AD76-AE13E6E2213B}.Debug|Any CPU.ActiveCfg = Debug|Any CPU
		{B4AD5761-3E58-42EE-AD76-AE13E6E2213B}.Debug|Any CPU.Build.0 = Debug|Any CPU
		{B4AD5761-3E58-42EE-AD76-AE13E6E2213B}.Release|Any CPU.ActiveCfg = Release|Any CPU
		{B4AD5761-3E58-42EE-AD76-AE13E6E2213B}.Release|Any CPU.Build.0 = Release|Any CPU
	EndGlobalSection
	GlobalSection(SolutionProperties) = preSolution
		HideSolutionNode = FALSE
	EndGlobalSection
	GlobalSection(ExtensibilityGlobals) = postSolution
		SolutionGuid = {E41F014D-9291-4616-9B14-DCF195AE4618}
	EndGlobalSection
EndGlobal
